{
  "nodes": {
    "home-manager": {
      "inputs": {
        "nixpkgs": [
          "nixpkgs"
        ]
      },
      "locked": {
        "lastModified": 1687969886,
        "narHash": "sha256-tC2qFLmuM0PFaw0tMHVcFmzsG/351q09qa1EpuL2n1U=",
        "owner": "nix-community",
        "repo": "home-manager",
        "rev": "a7002d6bfca54742d5fc9b485a1879953b4585b9",
        "type": "github"
      },
      "original": {
        "owner": "nix-community",
        "repo": "home-manager",
        "type": "github"
      }
    },
    "nixpkgs": {
      "locked": {
        "lastModified": 1687681650,
        "narHash": "sha256-M2If+gRcfpmaJy/XbfSsRzLlPpoU4nr0NHnKKl50fd8=",
        "owner": "NixOS",
        "repo": "nixpkgs",
        "rev": "1c9db9710cb23d60570ad4d7ab829c2d34403de3",
        "type": "github"
      },
      "original": {
        "id": "nixpkgs",
        "ref": "nixos-unstable",
        "type": "indirect"
      }
    },
    "nixpkgs-stable": {
      "locked": {
        "lastModified": 1687031877,
        "narHash": "sha256-yMFcVeI+kZ6KD2QBrFPNsvBrLq2Gt//D0baHByMrjFY=",
        "owner": "NixOS",
        "repo": "nixpkgs",
        "rev": "e2e2059d19668dab1744301b8b0e821e3aae9c99",
        "type": "github"
      },
      "original": {
        "owner": "NixOS",
        "ref": "release-23.05",
        "repo": "nixpkgs",
        "type": "github"
      }
    },
    "root": {
      "inputs": {
        "home-manager": "home-manager",
        "nixpkgs": "nixpkgs",
        "sops-nix": "sops-nix"
      }
    },
    "sops-nix": {
      "inputs": {
        "nixpkgs": [
          "nixpkgs"
        ],
        "nixpkgs-stable": "nixpkgs-stable"
      },
      "locked": {
        "lastModified": 1687398569,
        "narHash": "sha256-e/umuIKFcFtZtWeX369Hbdt9r+GQ48moDmlTcyHWL28=",
        "owner": "Mic92",
        "repo": "sops-nix",
        "rev": "2ff6973350682f8d16371f8c071a304b8067f192",
        "type": "github"
      },
      "original": {
        "owner": "Mic92",
        "repo": "sops-nix",
        "type": "github"
      }
    }
  },
  "root": "root",
  "version": 7
}
